
Microsoft Visual Studio Solution File, Format Version 12.00
# Visual Studio Version 16
VisualStudioVersion = 16.0.30907.101
MinimumVisualStudioVersion = 10.0.40219.1
Project("{9A19103F-16F7-4668-BE54-9A1E7A4F7556}") = "ImportAsCsv", "ImportAsCsv\ImportAsCsv.csproj", "{042ECB0D-0649-48C2-83A0-2D83F236C11E}"
EndProject
Global
	GlobalSection(SolutionConfigurationPlatforms) = preSolution
		Debug|Any CPU = Debug|Any CPU
		Release|Any CPU = Release|Any CPU
	EndGlobalSection
	GlobalSection(ProjectConfigurationPlatforms) = postSolution
		{042ECB0D-0649-48C2-83A0-2D83F236C11E}.Debug|Any CPU.ActiveCfg = Debug|Any CPU
		{042ECB0D-0649-48C2-83A0-2D83F236C11E}.Debug|Any CPU.Build.0 = Debug|Any CPU
		{042ECB0D-0649-48C2-83A0-2D83F236C11E}.Release|Any CPU.ActiveCfg = Release|Any CPU
		{042ECB0D-0649-48C2-83A0-2D83F236C11E}.Release|Any CPU.Build.0 = Release|Any CPU
	EndGlobalSection
	GlobalSection(SolutionProperties) = preSolution
		HideSolutionNode = FALSE
	EndGlobalSection
	GlobalSection(ExtensibilityGlobals) = postSolution
		SolutionGuid = {67A677AD-A04E-4C41-87CD-05C03EE5496D}
	EndGlobalSection
EndGlobal
